
Microsoft Visual Studio Solution File, Format Version 12.00
# Visual Studio Version 17
VisualStudioVersion = 17.8.34330.188
MinimumVisualStudioVersion = 10.0.40219.1
Project("{FAE04EC0-301F-11D3-BF4B-00C04F79EFBC}") = "EdytorGraficzny", "EdytorGraficzny.csproj", "{1918EF7D-6670-4723-9BBA-3B974911595A}"
EndProject
Global
	GlobalSection(SolutionConfigurationPlatforms) = preSolution
		Debug|Any CPU = Debug|Any CPU
		Release|Any CPU = Release|Any CPU
	EndGlobalSection
	GlobalSection(ProjectConfigurationPlatforms) = postSolution
		{1918EF7D-6670-4723-9BBA-3B974911595A}.Debug|Any CPU.ActiveCfg = Debug|Any CPU
		{1918EF7D-6670-4723-9BBA-3B974911595A}.Debug|Any CPU.Build.0 = Debug|Any CPU
		{1918EF7D-6670-4723-9BBA-3B974911595A}.Release|Any CPU.ActiveCfg = Release|Any CPU
		{1918EF7D-6670-4723-9BBA-3B974911595A}.Release|Any CPU.Build.0 = Release|Any CPU
	EndGlobalSection
	GlobalSection(SolutionProperties) = preSolution
		HideSolutionNode = FALSE
	EndGlobalSection
	GlobalSection(ExtensibilityGlobals) = postSolution
		SolutionGuid = {57C501AD-62B2-4AEC-B2E9-B81BF6FBD689}
	EndGlobalSection
EndGlobal
